// !$*UTF8*$!
{
	archiveVersion = 1;
	classes = {
	};
	objectVersion = 50;
	objects = {

/* Begin PBXBuildFile section */
		1910B1902364227300EC7AD4 /* AppDelegate.swift in Sources */ = {isa = PBXBuildFile; fileRef = 1910B18F2364227300EC7AD4 /* AppDelegate.swift */; };
		1910B1922364227300EC7AD4 /* SceneDelegate.swift in Sources */ = {isa = PBXBuildFile; fileRef = 1910B1912364227300EC7AD4 /* SceneDelegate.swift */; };
		1910B1942364227300EC7AD4 /* ContentView.swift in Sources */ = {isa = PBXBuildFile; fileRef = 1910B1932364227300EC7AD4 /* ContentView.swift */; };
		1910B1962364227500EC7AD4 /* Assets.xcassets in Resources */ = {isa = PBXBuildFile; fileRef = 1910B1952364227500EC7AD4 /* Assets.xcassets */; };
		1910B1992364227500EC7AD4 /* Preview Assets.xcassets in Resources */ = {isa = PBXBuildFile; fileRef = 1910B1982364227500EC7AD4 /* Preview Assets.xcassets */; };
		1910B19C2364227500EC7AD4 /* LaunchScreen.storyboard in Resources */ = {isa = PBXBuildFile; fileRef = 1910B19A2364227500EC7AD4 /* LaunchScreen.storyboard */; };
		1910B1A72364227500EC7AD4 /* thymesiaTests.swift in Sources */ = {isa = PBXBuildFile; fileRef = 1910B1A62364227500EC7AD4 /* thymesiaTests.swift */; };
		1910B1B22364227500EC7AD4 /* thymesiaUITests.swift in Sources */ = {isa = PBXBuildFile; fileRef = 1910B1B12364227500EC7AD4 /* thymesiaUITests.swift */; };
		194F7FD12365C21600FE2226 /* Key.swift in Sources */ = {isa = PBXBuildFile; fileRef = 194F7FD02365C21600FE2226 /* Key.swift */; };
		993FF3B523658ECA005E48D3 /* Model.swift in Sources */ = {isa = PBXBuildFile; fileRef = 993FF3B423658ECA005E48D3 /* Model.swift */; };
/* End PBXBuildFile section */

/* Begin PBXContainerItemProxy section */
		1910B1A32364227500EC7AD4 /* PBXContainerItemProxy */ = {
			isa = PBXContainerItemProxy;
			containerPortal = 1910B1842364227300EC7AD4 /* Project object */;
			proxyType = 1;
			remoteGlobalIDString = 1910B18B2364227300EC7AD4;
			remoteInfo = thymesia;
		};
		1910B1AE2364227500EC7AD4 /* PBXContainerItemProxy */ = {
			isa = PBXContainerItemProxy;
			containerPortal = 1910B1842364227300EC7AD4 /* Project object */;
			proxyType = 1;
			remoteGlobalIDString = 1910B18B2364227300EC7AD4;
			remoteInfo = thymesia;
		};
/* End PBXContainerItemProxy section */

/* Begin PBXFileReference section */
		1910B18C2364227300EC7AD4 /* thymesia.app */ = {isa = PBXFileReference; explicitFileType = wrapper.application; includeInIndex = 0; path = thymesia.app; sourceTree = BUILT_PRODUCTS_DIR; };
		1910B18F2364227300EC7AD4 /* AppDelegate.swift */ = {isa = PBXFileReference; lastKnownFileType = sourcecode.swift; path = AppDelegate.swift; sourceTree = "<group>"; };
		1910B1912364227300EC7AD4 /* SceneDelegate.swift */ = {isa = PBXFileReference; lastKnownFileType = sourcecode.swift; path = SceneDelegate.swift; sourceTree = "<group>"; };
		1910B1932364227300EC7AD4 /* ContentView.swift */ = {isa = PBXFileReference; lastKnownFileType = sourcecode.swift; path = ContentView.swift; sourceTree = "<group>"; };
		1910B1952364227500EC7AD4 /* Assets.xcassets */ = {isa = PBXFileReference; lastKnownFileType = folder.assetcatalog; path = Assets.xcassets; sourceTree = "<group>"; };
		1910B1982364227500EC7AD4 /* Preview Assets.xcassets */ = {isa = PBXFileReference; lastKnownFileType = folder.assetcatalog; path = "Preview Assets.xcassets"; sourceTree = "<group>"; };
		1910B19B2364227500EC7AD4 /* Base */ = {isa = PBXFileReference; lastKnownFileType = file.storyboard; name = Base; path = Base.lproj/LaunchScreen.storyboard; sourceTree = "<group>"; };
		1910B19D2364227500EC7AD4 /* Info.plist */ = {isa = PBXFileReference; lastKnownFileType = text.plist.xml; path = Info.plist; sourceTree = "<group>"; };
		1910B1A22364227500EC7AD4 /* thymesiaTests.xctest */ = {isa = PBXFileReference; explicitFileType = wrapper.cfbundle; includeInIndex = 0; path = thymesiaTests.xctest; sourceTree = BUILT_PRODUCTS_DIR; };
		1910B1A62364227500EC7AD4 /* thymesiaTests.swift */ = {isa = PBXFileReference; lastKnownFileType = sourcecode.swift; path = thymesiaTests.swift; sourceTree = "<group>"; };
		1910B1A82364227500EC7AD4 /* Info.plist */ = {isa = PBXFileReference; lastKnownFileType = text.plist.xml; path = Info.plist; sourceTree = "<group>"; };
		1910B1AD2364227500EC7AD4 /* thymesiaUITests.xctest */ = {isa = PBXFileReference; explicitFileType = wrapper.cfbundle; includeInIndex = 0; path = thymesiaUITests.xctest; sourceTree = BUILT_PRODUCTS_DIR; };
		1910B1B12364227500EC7AD4 /* thymesiaUITests.swift */ = {isa = PBXFileReference; lastKnownFileType = sourcecode.swift; path = thymesiaUITests.swift; sourceTree = "<group>"; };
		1910B1B32364227500EC7AD4 /* Info.plist */ = {isa = PBXFileReference; lastKnownFileType = text.plist.xml; path = Info.plist; sourceTree = "<group>"; };
		194F7FD02365C21600FE2226 /* Key.swift */ = {isa = PBXFileReference; lastKnownFileType = sourcecode.swift; path = Key.swift; sourceTree = "<group>"; };
		19D6CCEC2364573C00E2C421 /* thymesia.entitlements */ = {isa = PBXFileReference; lastKnownFileType = text.plist.entitlements; path = thymesia.entitlements; sourceTree = "<group>"; };
		993FF3B423658ECA005E48D3 /* Model.swift */ = {isa = PBXFileReference; lastKnownFileType = sourcecode.swift; path = Model.swift; sourceTree = "<group>"; };
/* End PBXFileReference section */

/* Begin PBXFrameworksBuildPhase section */
		1910B1892364227300EC7AD4 /* Frameworks */ = {
			isa = PBXFrameworksBuildPhase;
			buildActionMask = 2147483647;
			files = (
			);
			runOnlyForDeploymentPostprocessing = 0;
		};
		1910B19F2364227500EC7AD4 /* Frameworks */ = {
			isa = PBXFrameworksBuildPhase;
			buildActionMask = 2147483647;
			files = (
			);
			runOnlyForDeploymentPostprocessing = 0;
		};
		1910B1AA2364227500EC7AD4 /* Frameworks */ = {
			isa = PBXFrameworksBuildPhase;
			buildActionMask = 2147483647;
			files = (
			);
			runOnlyForDeploymentPostprocessing = 0;
		};
/* End PBXFrameworksBuildPhase section */

/* Begin PBXGroup section */
		1910B1832364227300EC7AD4 = {
			isa = PBXGroup;
			children = (
				1910B18E2364227300EC7AD4 /* thymesia */,
				1910B1A52364227500EC7AD4 /* thymesiaTests */,
				1910B1B02364227500EC7AD4 /* thymesiaUITests */,
				1910B18D2364227300EC7AD4 /* Products */,
			);
			sourceTree = "<group>";
		};
		1910B18D2364227300EC7AD4 /* Products */ = {
			isa = PBXGroup;
			children = (
				1910B18C2364227300EC7AD4 /* thymesia.app */,
				1910B1A22364227500EC7AD4 /* thymesiaTests.xctest */,
				1910B1AD2364227500EC7AD4 /* thymesiaUITests.xctest */,
			);
			name = Products;
			sourceTree = "<group>";
		};
		1910B18E2364227300EC7AD4 /* thymesia */ = {
			isa = PBXGroup;
			children = (
				1910B18F2364227300EC7AD4 /* AppDelegate.swift */,
				1910B1912364227300EC7AD4 /* SceneDelegate.swift */,
				1910B1932364227300EC7AD4 /* ContentView.swift */,
				993FF3B423658ECA005E48D3 /* Model.swift */,
				1910B1952364227500EC7AD4 /* Assets.xcassets */,
				1910B19A2364227500EC7AD4 /* LaunchScreen.storyboard */,
				1910B19D2364227500EC7AD4 /* Info.plist */,
				1910B1972364227500EC7AD4 /* Preview Content */,
				19D6CCEC2364573C00E2C421 /* thymesia.entitlements */,
				194F7FD02365C21600FE2226 /* Key.swift */,
			);
			path = thymesia;
			sourceTree = "<group>";
		};
		1910B1972364227500EC7AD4 /* Preview Content */ = {
			isa = PBXGroup;
			children = (
				1910B1982364227500EC7AD4 /* Preview Assets.xcassets */,
			);
			path = "Preview Content";
			sourceTree = "<group>";
		};
		1910B1A52364227500EC7AD4 /* thymesiaTests */ = {
			isa = PBXGroup;
			children = (
				1910B1A62364227500EC7AD4 /* thymesiaTests.swift */,
				1910B1A82364227500EC7AD4 /* Info.plist */,
			);
			path = thymesiaTests;
			sourceTree = "<group>";
		};
		1910B1B02364227500EC7AD4 /* thymesiaUITests */ = {
			isa = PBXGroup;
			children = (
				1910B1B12364227500EC7AD4 /* thymesiaUITests.swift */,
				1910B1B32364227500EC7AD4 /* Info.plist */,
			);
			path = thymesiaUITests;
			sourceTree = "<group>";
		};
/* End PBXGroup section */

/* Begin PBXNativeTarget section */
		1910B18B2364227300EC7AD4 /* thymesia */ = {
			isa = PBXNativeTarget;
			buildConfigurationList = 1910B1B62364227500EC7AD4 /* Build configuration list for PBXNativeTarget "thymesia" */;
			buildPhases = (
				1910B1882364227300EC7AD4 /* Sources */,
				1910B1892364227300EC7AD4 /* Frameworks */,
				1910B18A2364227300EC7AD4 /* Resources */,
			);
			buildRules = (
			);
			dependencies = (
			);
			name = thymesia;
			productName = thymesia;
			productReference = 1910B18C2364227300EC7AD4 /* thymesia.app */;
			productType = "com.apple.product-type.application";
		};
		1910B1A12364227500EC7AD4 /* thymesiaTests */ = {
			isa = PBXNativeTarget;
			buildConfigurationList = 1910B1B92364227500EC7AD4 /* Build configuration list for PBXNativeTarget "thymesiaTests" */;
			buildPhases = (
				1910B19E2364227500EC7AD4 /* Sources */,
				1910B19F2364227500EC7AD4 /* Frameworks */,
				1910B1A02364227500EC7AD4 /* Resources */,
			);
			buildRules = (
			);
			dependencies = (
				1910B1A42364227500EC7AD4 /* PBXTargetDependency */,
			);
			name = thymesiaTests;
			productName = thymesiaTests;
			productReference = 1910B1A22364227500EC7AD4 /* thymesiaTests.xctest */;
			productType = "com.apple.product-type.bundle.unit-test";
		};
		1910B1AC2364227500EC7AD4 /* thymesiaUITests */ = {
			isa = PBXNativeTarget;
			buildConfigurationList = 1910B1BC2364227500EC7AD4 /* Build configuration list for PBXNativeTarget "thymesiaUITests" */;
			buildPhases = (
				1910B1A92364227500EC7AD4 /* Sources */,
				1910B1AA2364227500EC7AD4 /* Frameworks */,
				1910B1AB2364227500EC7AD4 /* Resources */,
			);
			buildRules = (
			);
			dependencies = (
				1910B1AF2364227500EC7AD4 /* PBXTargetDependency */,
			);
			name = thymesiaUITests;
			productName = thymesiaUITests;
			productReference = 1910B1AD2364227500EC7AD4 /* thymesiaUITests.xctest */;
			productType = "com.apple.product-type.bundle.ui-testing";
		};
/* End PBXNativeTarget section */

/* Begin PBXProject section */
		1910B1842364227300EC7AD4 /* Project object */ = {
			isa = PBXProject;
			attributes = {
				LastSwiftUpdateCheck = 1120;
				LastUpgradeCheck = 1120;
				ORGANIZATIONNAME = "Chase Norman";
				TargetAttributes = {
					1910B18B2364227300EC7AD4 = {
						CreatedOnToolsVersion = 11.2;
					};
					1910B1A12364227500EC7AD4 = {
						CreatedOnToolsVersion = 11.2;
						TestTargetID = 1910B18B2364227300EC7AD4;
					};
					1910B1AC2364227500EC7AD4 = {
						CreatedOnToolsVersion = 11.2;
						TestTargetID = 1910B18B2364227300EC7AD4;
					};
				};
			};
			buildConfigurationList = 1910B1872364227300EC7AD4 /* Build configuration list for PBXProject "thymesia" */;
			compatibilityVersion = "Xcode 9.3";
			developmentRegion = en;
			hasScannedForEncodings = 0;
			knownRegions = (
				en,
				Base,
			);
			mainGroup = 1910B1832364227300EC7AD4;
			productRefGroup = 1910B18D2364227300EC7AD4 /* Products */;
			projectDirPath = "";
			projectRoot = "";
			targets = (
				1910B18B2364227300EC7AD4 /* thymesia */,
				1910B1A12364227500EC7AD4 /* thymesiaTests */,
				1910B1AC2364227500EC7AD4 /* thymesiaUITests */,
			);
		};
/* End PBXProject section */

/* Begin PBXResourcesBuildPhase section */
		1910B18A2364227300EC7AD4 /* Resources */ = {
			isa = PBXResourcesBuildPhase;
			buildActionMask = 2147483647;
			files = (
				1910B19C2364227500EC7AD4 /* LaunchScreen.storyboard in Resources */,
				1910B1992364227500EC7AD4 /* Preview Assets.xcassets in Resources */,
				1910B1962364227500EC7AD4 /* Assets.xcassets in Resources */,
			);
			runOnlyForDeploymentPostprocessing = 0;
		};
		1910B1A02364227500EC7AD4 /* Resources */ = {
			isa = PBXResourcesBuildPhase;
			buildActionMask = 2147483647;
			files = (
			);
			runOnlyForDeploymentPostprocessing = 0;
		};
		1910B1AB2364227500EC7AD4 /* Resources */ = {
			isa = PBXResourcesBuildPhase;
			buildActionMask = 2147483647;
			files = (
			);
			runOnlyForDeploymentPostprocessing = 0;
		};
/* End PBXResourcesBuildPhase section */

/* Begin PBXSourcesBuildPhase section */
		1910B1882364227300EC7AD4 /* Sources */ = {
			isa = PBXSourcesBuildPhase;
			buildActionMask = 2147483647;
			files = (
				1910B1902364227300EC7AD4 /* AppDelegate.swift in Sources */,
				194F7FD12365C21600FE2226 /* Key.swift in Sources */,
				1910B1922364227300EC7AD4 /* SceneDelegate.swift in Sources */,
				1910B1942364227300EC7AD4 /* ContentView.swift in Sources */,
				993FF3B523658ECA005E48D3 /* Model.swift in Sources */,
			);
			runOnlyForDeploymentPostprocessing = 0;
		};
		1910B19E2364227500EC7AD4 /* Sources */ = {
			isa = PBXSourcesBuildPhase;
			buildActionMask = 2147483647;
			files = (
				1910B1A72364227500EC7AD4 /* thymesiaTests.swift in Sources */,
			);
			runOnlyForDeploymentPostprocessing = 0;
		};
		1910B1A92364227500EC7AD4 /* Sources */ = {
			isa = PBXSourcesBuildPhase;
			buildActionMask = 2147483647;
			files = (
				1910B1B22364227500EC7AD4 /* thymesiaUITests.swift in Sources */,
			);
			runOnlyForDeploymentPostprocessing = 0;
		};
/* End PBXSourcesBuildPhase section */

/* Begin PBXTargetDependency section */
		1910B1A42364227500EC7AD4 /* PBXTargetDependency */ = {
			isa = PBXTargetDependency;
			target = 1910B18B2364227300EC7AD4 /* thymesia */;
			targetProxy = 1910B1A32364227500EC7AD4 /* PBXContainerItemProxy */;
		};
		1910B1AF2364227500EC7AD4 /* PBXTargetDependency */ = {
			isa = PBXTargetDependency;
			target = 1910B18B2364227300EC7AD4 /* thymesia */;
			targetProxy = 1910B1AE2364227500EC7AD4 /* PBXContainerItemProxy */;
		};
/* End PBXTargetDependency section */

/* Begin PBXVariantGroup section */
		1910B19A2364227500EC7AD4 /* LaunchScreen.storyboard */ = {
			isa = PBXVariantGroup;
			children = (
				1910B19B2364227500EC7AD4 /* Base */,
			);
			name = LaunchScreen.storyboard;
			sourceTree = "<group>";
		};
/* End PBXVariantGroup section */

/* Begin XCBuildConfiguration section */
		1910B1B42364227500EC7AD4 /* Debug */ = {
			isa = XCBuildConfiguration;
			buildSettings = {
				ALWAYS_SEARCH_USER_PATHS = NO;
				CLANG_ANALYZER_NONNULL = YES;
				CLANG_ANALYZER_NUMBER_OBJECT_CONVERSION = YES_AGGRESSIVE;
				CLANG_CXX_LANGUAGE_STANDARD = "gnu++14";
				CLANG_CXX_LIBRARY = "libc++";
				CLANG_ENABLE_MODULES = YES;
				CLANG_ENABLE_OBJC_ARC = YES;
				CLANG_ENABLE_OBJC_WEAK = YES;
				CLANG_WARN_BLOCK_CAPTURE_AUTORELEASING = YES;
				CLANG_WARN_BOOL_CONVERSION = YES;
				CLANG_WARN_COMMA = YES;
				CLANG_WARN_CONSTANT_CONVERSION = YES;
				CLANG_WARN_DEPRECATED_OBJC_IMPLEMENTATIONS = YES;
				CLANG_WARN_DIRECT_OBJC_ISA_USAGE = YES_ERROR;
				CLANG_WARN_DOCUMENTATION_COMMENTS = YES;
				CLANG_WARN_EMPTY_BODY = YES;
				CLANG_WARN_ENUM_CONVERSION = YES;
				CLANG_WARN_INFINITE_RECURSION = YES;
				CLANG_WARN_INT_CONVERSION = YES;
				CLANG_WARN_NON_LITERAL_NULL_CONVERSION = YES;
				CLANG_WARN_OBJC_IMPLICIT_RETAIN_SELF = YES;
				CLANG_WARN_OBJC_LITERAL_CONVERSION = YES;
				CLANG_WARN_OBJC_ROOT_CLASS = YES_ERROR;
				CLANG_WARN_RANGE_LOOP_ANALYSIS = YES;
				CLANG_WARN_STRICT_PROTOTYPES = YES;
				CLANG_WARN_SUSPICIOUS_MOVE = YES;
				CLANG_WARN_UNGUARDED_AVAILABILITY = YES_AGGRESSIVE;
				CLANG_WARN_UNREACHABLE_CODE = YES;
				CLANG_WARN__DUPLICATE_METHOD_MATCH = YES;
				COPY_PHASE_STRIP = NO;
				DEBUG_INFORMATION_FORMAT = dwarf;
				ENABLE_STRICT_OBJC_MSGSEND = YES;
				ENABLE_TESTABILITY = YES;
				GCC_C_LANGUAGE_STANDARD = gnu11;
				GCC_DYNAMIC_NO_PIC = NO;
				GCC_NO_COMMON_BLOCKS = YES;
				GCC_OPTIMIZATION_LEVEL = 0;
				GCC_PREPROCESSOR_DEFINITIONS = (
					"DEBUG=1",
					"$(inherited)",
				);
				GCC_WARN_64_TO_32_BIT_CONVERSION = YES;
				GCC_WARN_ABOUT_RETURN_TYPE = YES_ERROR;
				GCC_WARN_UNDECLARED_SELECTOR = YES;
				GCC_WARN_UNINITIALIZED_AUTOS = YES_AGGRESSIVE;
				GCC_WARN_UNUSED_FUNCTION = YES;
				GCC_WARN_UNUSED_VARIABLE = YES;
				IPHONEOS_DEPLOYMENT_TARGET = 13.2;
				MTL_ENABLE_DEBUG_INFO = INCLUDE_SOURCE;
				MTL_FAST_MATH = YES;
				ONLY_ACTIVE_ARCH = YES;
				SDKROOT = iphoneos;
				SWIFT_ACTIVE_COMPILATION_CONDITIONS = DEBUG;
				SWIFT_OPTIMIZATION_LEVEL = "-Onone";
			};
			name = Debug;
		};
		1910B1B52364227500EC7AD4 /* Release */ = {
			isa = XCBuildConfiguration;
			buildSettings = {
				ALWAYS_SEARCH_USER_PATHS = NO;
				CLANG_ANALYZER_NONNULL = YES;
				CLANG_ANALYZER_NUMBER_OBJECT_CONVERSION = YES_AGGRESSIVE;
				CLANG_CXX_LANGUAGE_STANDARD = "gnu++14";
				CLANG_CXX_LIBRARY = "libc++";
				CLANG_ENABLE_MODULES = YES;
				CLANG_ENABLE_OBJC_ARC = YES;
				CLANG_ENABLE_OBJC_WEAK = YES;
				CLANG_WARN_BLOCK_CAPTURE_AUTORELEASING = YES;
				CLANG_WARN_BOOL_CONVERSION = YES;
				CLANG_WARN_COMMA = YES;
				CLANG_WARN_CONSTANT_CONVERSION = YES;
				CLANG_WARN_DEPRECATED_OBJC_IMPLEMENTATIONS = YES;
				CLANG_WARN_DIRECT_OBJC_ISA_USAGE = YES_ERROR;
				CLANG_WARN_DOCUMENTATION_COMMENTS = YES;
				CLANG_WARN_EMPTY_BODY = YES;
				CLANG_WARN_ENUM_CONVERSION = YES;
				CLANG_WARN_INFINITE_RECURSION = YES;
				CLANG_WARN_INT_CONVERSION = YES;
				CLANG_WARN_NON_LITERAL_NULL_CONVERSION = YES;
				CLANG_WARN_OBJC_IMPLICIT_RETAIN_SELF = YES;
				CLANG_WARN_OBJC_LITERAL_CONVERSION = YES;
				CLANG_WARN_OBJC_ROOT_CLASS = YES_ERROR;
				CLANG_WARN_RANGE_LOOP_ANALYSIS = YES;
				CLANG_WARN_STRICT_PROTOTYPES = YES;
				CLANG_WARN_SUSPICIOUS_MOVE = YES;
				CLANG_WARN_UNGUARDED_AVAILABILITY = YES_AGGRESSIVE;
				CLANG_WARN_UNREACHABLE_CODE = YES;
				CLANG_WARN__DUPLICATE_METHOD_MATCH = YES;
				COPY_PHASE_STRIP = NO;
				DEBUG_INFORMATION_FORMAT = "dwarf-with-dsym";
				ENABLE_NS_ASSERTIONS = NO;
				ENABLE_STRICT_OBJC_MSGSEND = YES;
				GCC_C_LANGUAGE_STANDARD = gnu11;
				GCC_NO_COMMON_BLOCKS = YES;
				GCC_WARN_64_TO_32_BIT_CONVERSION = YES;
				GCC_WARN_ABOUT_RETURN_TYPE = YES_ERROR;
				GCC_WARN_UNDECLARED_SELECTOR = YES;
				GCC_WARN_UNINITIALIZED_AUTOS = YES_AGGRESSIVE;
				GCC_WARN_UNUSED_FUNCTION = YES;
				GCC_WARN_UNUSED_VARIABLE = YES;
				IPHONEOS_DEPLOYMENT_TARGET = 13.2;
				MTL_ENABLE_DEBUG_INFO = NO;
				MTL_FAST_MATH = YES;
				SDKROOT = iphoneos;
				SWIFT_COMPILATION_MODE = wholemodule;
				SWIFT_OPTIMIZATION_LEVEL = "-O";
				VALIDATE_PRODUCT = YES;
			};
			name = Release;
		};
		1910B1B72364227500EC7AD4 /* Debug */ = {
			isa = XCBuildConfiguration;
			buildSettings = {
				ASSETCATALOG_COMPILER_APPICON_NAME = AppIcon;
				CODE_SIGN_ENTITLEMENTS = thymesia/thymesia.entitlements;
				CODE_SIGN_IDENTITY = "Apple Development";
				CODE_SIGN_STYLE = Automatic;
				DEVELOPMENT_ASSET_PATHS = "\"thymesia/Preview Content\"";
				DEVELOPMENT_TEAM = 8GN67288KC;
				ENABLE_PREVIEWS = YES;
				INFOPLIST_FILE = thymesia/Info.plist;
				LD_RUNPATH_SEARCH_PATHS = (
					"$(inherited)",
					"@executable_path/Frameworks",
				);
				PRODUCT_BUNDLE_IDENTIFIER = test.thymesia;
				PRODUCT_NAME = "$(TARGET_NAME)";
				PROVISIONING_PROFILE_SPECIFIER = "";
				SWIFT_VERSION = 5.0;
				TARGETED_DEVICE_FAMILY = "1,2";
			};
			name = Debug;
		};
		1910B1B82364227500EC7AD4 /* Release */ = {
			isa = XCBuildConfiguration;
			buildSettings = {
				ASSETCATALOG_COMPILER_APPICON_NAME = AppIcon;
				CODE_SIGN_ENTITLEMENTS = thymesia/thymesia.entitlements;
				CODE_SIGN_IDENTITY = "Apple Development";
				CODE_SIGN_STYLE = Automatic;
				DEVELOPMENT_ASSET_PATHS = "\"thymesia/Preview Content\"";
				DEVELOPMENT_TEAM = 8GN67288KC;
				ENABLE_PREVIEWS = YES;
				INFOPLIST_FILE = thymesia/Info.plist;
				LD_RUNPATH_SEARCH_PATHS = (
					"$(inherited)",
					"@executable_path/Frameworks",
				);
				PRODUCT_BUNDLE_IDENTIFIER = test.thymesia;
				PRODUCT_NAME = "$(TARGET_NAME)";
				PROVISIONING_PROFILE_SPECIFIER = "";
				SWIFT_VERSION = 5.0;
				TARGETED_DEVICE_FAMILY = "1,2";
			};
			name = Release;
		};
		1910B1BA2364227500EC7AD4 /* Debug */ = {
			isa = XCBuildConfiguration;
			buildSettings = {
				ALWAYS_EMBED_SWIFT_STANDARD_LIBRARIES = YES;
				BUNDLE_LOADER = "$(TEST_HOST)";
				CODE_SIGN_STYLE = Automatic;
				DEVELOPMENT_TEAM = 8GN67288KC;
				INFOPLIST_FILE = thymesiaTests/Info.plist;
				IPHONEOS_DEPLOYMENT_TARGET = 13.2;
				LD_RUNPATH_SEARCH_PATHS = (
					"$(inherited)",
					"@executable_path/Frameworks",
					"@loader_path/Frameworks",
				);
				PRODUCT_BUNDLE_IDENTIFIER = test.thymesiaTests;
				PRODUCT_NAME = "$(TARGET_NAME)";
				SWIFT_VERSION = 5.0;
				TARGETED_DEVICE_FAMILY = "1,2";
				TEST_HOST = "$(BUILT_PRODUCTS_DIR)/thymesia.app/thymesia";
			};
			name = Debug;
		};
		1910B1BB2364227500EC7AD4 /* Release */ = {
			isa = XCBuildConfiguration;
			buildSettings = {
				ALWAYS_EMBED_SWIFT_STANDARD_LIBRARIES = YES;
				BUNDLE_LOADER = "$(TEST_HOST)";
				CODE_SIGN_STYLE = Automatic;
				DEVELOPMENT_TEAM = 8GN67288KC;
				INFOPLIST_FILE = thymesiaTests/Info.plist;
				IPHONEOS_DEPLOYMENT_TARGET = 13.2;
				LD_RUNPATH_SEARCH_PATHS = (
					"$(inherited)",
					"@executable_path/Frameworks",
					"@loader_path/Frameworks",
				);
				PRODUCT_BUNDLE_IDENTIFIER = test.thymesiaTests;
				PRODUCT_NAME = "$(TARGET_NAME)";
				SWIFT_VERSION = 5.0;
				TARGETED_DEVICE_FAMILY = "1,2";
				TEST_HOST = "$(BUILT_PRODUCTS_DIR)/thymesia.app/thymesia";
			};
			name = Release;
		};
		1910B1BD2364227500EC7AD4 /* Debug */ = {
			isa = XCBuildConfiguration;
			buildSettings = {
				ALWAYS_EMBED_SWIFT_STANDARD_LIBRARIES = YES;
				CODE_SIGN_STYLE = Automatic;
				DEVELOPMENT_TEAM = 8GN67288KC;
				INFOPLIST_FILE = thymesiaUITests/Info.plist;
				LD_RUNPATH_SEARCH_PATHS = (
					"$(inherited)",
					"@executable_path/Frameworks",
					"@loader_path/Frameworks",
				);
				PRODUCT_BUNDLE_IDENTIFIER = test.thymesiaUITests;
				PRODUCT_NAME = "$(TARGET_NAME)";
				SWIFT_VERSION = 5.0;
				TARGETED_DEVICE_FAMILY = "1,2";
				TEST_TARGET_NAME = thymesia;
			};
			name = Debug;
		};
		1910B1BE2364227500EC7AD4 /* Release */ = {
			isa = XCBuildConfiguration;
			buildSettings = {
				ALWAYS_EMBED_SWIFT_STANDARD_LIBRARIES = YES;
				CODE_SIGN_STYLE = Automatic;
				DEVELOPMENT_TEAM = 8GN67288KC;
				INFOPLIST_FILE = thymesiaUITests/Info.plist;
				LD_RUNPATH_SEARCH_PATHS = (
					"$(inherited)",
					"@executable_path/Frameworks",
					"@loader_path/Frameworks",
				);
				PRODUCT_BUNDLE_IDENTIFIER = test.thymesiaUITests;
				PRODUCT_NAME = "$(TARGET_NAME)";
				SWIFT_VERSION = 5.0;
				TARGETED_DEVICE_FAMILY = "1,2";
				TEST_TARGET_NAME = thymesia;
			};
			name = Release;
		};
/* End XCBuildConfiguration section */

/* Begin XCConfigurationList section */
		1910B1872364227300EC7AD4 /* Build configuration list for PBXProject "thymesia" */ = {
			isa = XCConfigurationList;
			buildConfigurations = (
				1910B1B42364227500EC7AD4 /* Debug */,
				1910B1B52364227500EC7AD4 /* Release */,
			);
			defaultConfigurationIsVisible = 0;
			defaultConfigurationName = Release;
		};
		1910B1B62364227500EC7AD4 /* Build configuration list for PBXNativeTarget "thymesia" */ = {
			isa = XCConfigurationList;
			buildConfigurations = (
				1910B1B72364227500EC7AD4 /* Debug */,
				1910B1B82364227500EC7AD4 /* Release */,
			);
			defaultConfigurationIsVisible = 0;
			defaultConfigurationName = Release;
		};
		1910B1B92364227500EC7AD4 /* Build configuration list for PBXNativeTarget "thymesiaTests" */ = {
			isa = XCConfigurationList;
			buildConfigurations = (
				1910B1BA2364227500EC7AD4 /* Debug */,
				1910B1BB2364227500EC7AD4 /* Release */,
			);
			defaultConfigurationIsVisible = 0;
			defaultConfigurationName = Release;
		};
		1910B1BC2364227500EC7AD4 /* Build configuration list for PBXNativeTarget "thymesiaUITests" */ = {
			isa = XCConfigurationList;
			buildConfigurations = (
				1910B1BD2364227500EC7AD4 /* Debug */,
				1910B1BE2364227500EC7AD4 /* Release */,
			);
			defaultConfigurationIsVisible = 0;
			defaultConfigurationName = Release;
		};
/* End XCConfigurationList section */
	};
	rootObject = 1910B1842364227300EC7AD4 /* Project object */;
}
